
Microsoft Visual Studio Solution File, Format Version 12.00
# Visual Studio Version 16
VisualStudioVersion = 16.0.31410.357
MinimumVisualStudioVersion = 10.0.40219.1
Project("{FAE04EC0-301F-11D3-BF4B-00C04F79EFBC}") = "Line_Comparison_Problem", "Line_Comparison_Problem\Line_Comparison_Problem.csproj", "{7394EE4A-4A82-4BB7-9996-C912F24F02A0}"
EndProject
Global
	GlobalSection(SolutionConfigurationPlatforms) = preSolution
		Debug|Any CPU = Debug|Any CPU
		Release|Any CPU = Release|Any CPU
	EndGlobalSection
	GlobalSection(ProjectConfigurationPlatforms) = postSolution
		{7394EE4A-4A82-4BB7-9996-C912F24F02A0}.Debug|Any CPU.ActiveCfg = Debug|Any CPU
		{7394EE4A-4A82-4BB7-9996-C912F24F02A0}.Debug|Any CPU.Build.0 = Debug|Any CPU
		{7394EE4A-4A82-4BB7-9996-C912F24F02A0}.Release|Any CPU.ActiveCfg = Release|Any CPU
		{7394EE4A-4A82-4BB7-9996-C912F24F02A0}.Release|Any CPU.Build.0 = Release|Any CPU
	EndGlobalSection
	GlobalSection(SolutionProperties) = preSolution
		HideSolutionNode = FALSE
	EndGlobalSection
	GlobalSection(ExtensibilityGlobals) = postSolution
		SolutionGuid = {EF0E5D5E-A6DF-4A6B-9068-277AB4F203B1}
	EndGlobalSection
EndGlobal
